
Microsoft Visual Studio Solution File, Format Version 12.00
# Visual Studio 15
VisualStudioVersion = 15.0.26730.12
MinimumVisualStudioVersion = 10.0.40219.1
Project("{9A19103F-16F7-4668-BE54-9A1E7A4F7556}") = "FIGlet.Net", "FIGlet.Net\FIGlet.Net\FIGlet.Net.csproj", "{CA272DEA-60FD-4301-BC35-A6EA49B94F86}"
EndProject
Project("{FAE04EC0-301F-11D3-BF4B-00C04F79EFBC}") = "FIGlet.NetUnitTest", "FIGlet.Net\FIGlet.NetUnitTest\FIGlet.NetUnitTest.csproj", "{4A92DAE7-1C9D-42A5-AEF2-9851A74AD384}"
EndProject
Global
	GlobalSection(SolutionConfigurationPlatforms) = preSolution
		Debug|Any CPU = Debug|Any CPU
		Release|Any CPU = Release|Any CPU
	EndGlobalSection
	GlobalSection(ProjectConfigurationPlatforms) = postSolution
		{CA272DEA-60FD-4301-BC35-A6EA49B94F86}.Debug|Any CPU.ActiveCfg = Debug|Any CPU
		{CA272DEA-60FD-4301-BC35-A6EA49B94F86}.Debug|Any CPU.Build.0 = Debug|Any CPU
		{CA272DEA-60FD-4301-BC35-A6EA49B94F86}.Release|Any CPU.ActiveCfg = Release|Any CPU
		{CA272DEA-60FD-4301-BC35-A6EA49B94F86}.Release|Any CPU.Build.0 = Release|Any CPU
		{4A92DAE7-1C9D-42A5-AEF2-9851A74AD384}.Debug|Any CPU.ActiveCfg = Debug|Any CPU
		{4A92DAE7-1C9D-42A5-AEF2-9851A74AD384}.Debug|Any CPU.Build.0 = Debug|Any CPU
		{4A92DAE7-1C9D-42A5-AEF2-9851A74AD384}.Release|Any CPU.ActiveCfg = Release|Any CPU
		{4A92DAE7-1C9D-42A5-AEF2-9851A74AD384}.Release|Any CPU.Build.0 = Release|Any CPU
	EndGlobalSection
	GlobalSection(SolutionProperties) = preSolution
		HideSolutionNode = FALSE
	EndGlobalSection
	GlobalSection(ExtensibilityGlobals) = postSolution
		SolutionGuid = {9EED5CD1-4ADB-46A1-B6D5-3753E70A5369}
	EndGlobalSection
EndGlobal
